// !$*UTF8*$!
{
	archiveVersion = 1;
	classes = {
	};
	objectVersion = 56;
	objects = {

/* Begin PBXBuildFile section */
		78F581422B4ED7DB003E2F42 /* KUTeachApp.swift in Sources */ = {isa = PBXBuildFile; fileRef = 78F581412B4ED7DB003E2F42 /* KUTeachApp.swift */; };
		78F581442B4ED7DB003E2F42 /* LoginView.swift in Sources */ = {isa = PBXBuildFile; fileRef = 78F581432B4ED7DB003E2F42 /* LoginView.swift */; };
		78F581462B4ED7DC003E2F42 /* Assets.xcassets in Resources */ = {isa = PBXBuildFile; fileRef = 78F581452B4ED7DC003E2F42 /* Assets.xcassets */; };
		78F581492B4ED7DC003E2F42 /* Preview Assets.xcassets in Resources */ = {isa = PBXBuildFile; fileRef = 78F581482B4ED7DC003E2F42 /* Preview Assets.xcassets */; };
		78F581572B4EE52A003E2F42 /* Spacing.swift in Sources */ = {isa = PBXBuildFile; fileRef = 78F581562B4EE52A003E2F42 /* Spacing.swift */; };
		78F581592B4EE665003E2F42 /* Radius.swift in Sources */ = {isa = PBXBuildFile; fileRef = 78F581582B4EE665003E2F42 /* Radius.swift */; };
		78F5815B2B4EE6F2003E2F42 /* ButtonDS.swift in Sources */ = {isa = PBXBuildFile; fileRef = 78F5815A2B4EE6F2003E2F42 /* ButtonDS.swift */; };
		78F5815D2B4EEC3A003E2F42 /* TextDS.swift in Sources */ = {isa = PBXBuildFile; fileRef = 78F5815C2B4EEC3A003E2F42 /* TextDS.swift */; };
		78F5815F2B4EF129003E2F42 /* BackgroundDS.swift in Sources */ = {isa = PBXBuildFile; fileRef = 78F5815E2B4EF129003E2F42 /* BackgroundDS.swift */; };
		78F581612B4EF95E003E2F42 /* TextFieldDS.swift in Sources */ = {isa = PBXBuildFile; fileRef = 78F581602B4EF95E003E2F42 /* TextFieldDS.swift */; };
		78F581632B4EFBE2003E2F42 /* LoginViewModel.swift in Sources */ = {isa = PBXBuildFile; fileRef = 78F581622B4EFBE2003E2F42 /* LoginViewModel.swift */; };
		D7BE896F2B4EFF680078CD08 /* FirebaseAnalytics in Frameworks */ = {isa = PBXBuildFile; productRef = D7BE896E2B4EFF680078CD08 /* FirebaseAnalytics */; };
		D7BE89712B4EFF680078CD08 /* FirebaseAnalyticsOnDeviceConversion in Frameworks */ = {isa = PBXBuildFile; productRef = D7BE89702B4EFF680078CD08 /* FirebaseAnalyticsOnDeviceConversion */; };
		D7BE89732B4EFF680078CD08 /* FirebaseAnalyticsSwift in Frameworks */ = {isa = PBXBuildFile; productRef = D7BE89722B4EFF680078CD08 /* FirebaseAnalyticsSwift */; };
		D7BE89752B4EFF680078CD08 /* FirebaseAnalyticsWithoutAdIdSupport in Frameworks */ = {isa = PBXBuildFile; productRef = D7BE89742B4EFF680078CD08 /* FirebaseAnalyticsWithoutAdIdSupport */; };
		D7BE89772B4EFF680078CD08 /* FirebaseAppCheck in Frameworks */ = {isa = PBXBuildFile; productRef = D7BE89762B4EFF680078CD08 /* FirebaseAppCheck */; };
		D7BE89792B4F04460078CD08 /* GoogleService-Info.plist in Resources */ = {isa = PBXBuildFile; fileRef = D7BE89782B4F04460078CD08 /* GoogleService-Info.plist */; };
		D7BE897C2B4F04810078CD08 /* AppDelegate.swift in Sources */ = {isa = PBXBuildFile; fileRef = D7BE897B2B4F04810078CD08 /* AppDelegate.swift */; };
		D7BE897F2B4F063F0078CD08 /* FirebaseFirestore in Frameworks */ = {isa = PBXBuildFile; productRef = D7BE897E2B4F063F0078CD08 /* FirebaseFirestore */; };
		D7BE89812B4F06660078CD08 /* FirebaseAuth in Frameworks */ = {isa = PBXBuildFile; productRef = D7BE89802B4F06660078CD08 /* FirebaseAuth */; };
/* End PBXBuildFile section */

/* Begin PBXFileReference section */
		78F5813E2B4ED7DB003E2F42 /* KUTeach.app */ = {isa = PBXFileReference; explicitFileType = wrapper.application; includeInIndex = 0; path = KUTeach.app; sourceTree = BUILT_PRODUCTS_DIR; };
		78F581412B4ED7DB003E2F42 /* KUTeachApp.swift */ = {isa = PBXFileReference; lastKnownFileType = sourcecode.swift; path = KUTeachApp.swift; sourceTree = "<group>"; };
		78F581432B4ED7DB003E2F42 /* LoginView.swift */ = {isa = PBXFileReference; lastKnownFileType = sourcecode.swift; path = LoginView.swift; sourceTree = "<group>"; };
		78F581452B4ED7DC003E2F42 /* Assets.xcassets */ = {isa = PBXFileReference; lastKnownFileType = folder.assetcatalog; path = Assets.xcassets; sourceTree = "<group>"; };
		78F581482B4ED7DC003E2F42 /* Preview Assets.xcassets */ = {isa = PBXFileReference; lastKnownFileType = folder.assetcatalog; path = "Preview Assets.xcassets"; sourceTree = "<group>"; };
		78F581562B4EE52A003E2F42 /* Spacing.swift */ = {isa = PBXFileReference; lastKnownFileType = sourcecode.swift; path = Spacing.swift; sourceTree = "<group>"; };
		78F581582B4EE665003E2F42 /* Radius.swift */ = {isa = PBXFileReference; lastKnownFileType = sourcecode.swift; path = Radius.swift; sourceTree = "<group>"; };
		78F5815A2B4EE6F2003E2F42 /* ButtonDS.swift */ = {isa = PBXFileReference; lastKnownFileType = sourcecode.swift; path = ButtonDS.swift; sourceTree = "<group>"; };
		78F5815C2B4EEC3A003E2F42 /* TextDS.swift */ = {isa = PBXFileReference; lastKnownFileType = sourcecode.swift; path = TextDS.swift; sourceTree = "<group>"; };
		78F5815E2B4EF129003E2F42 /* BackgroundDS.swift */ = {isa = PBXFileReference; lastKnownFileType = sourcecode.swift; path = BackgroundDS.swift; sourceTree = "<group>"; };
		78F581602B4EF95E003E2F42 /* TextFieldDS.swift */ = {isa = PBXFileReference; lastKnownFileType = sourcecode.swift; path = TextFieldDS.swift; sourceTree = "<group>"; };
		78F581622B4EFBE2003E2F42 /* LoginViewModel.swift */ = {isa = PBXFileReference; lastKnownFileType = sourcecode.swift; path = LoginViewModel.swift; sourceTree = "<group>"; };
		D7BE89782B4F04460078CD08 /* GoogleService-Info.plist */ = {isa = PBXFileReference; fileEncoding = 4; lastKnownFileType = text.plist.xml; path = "GoogleService-Info.plist"; sourceTree = "<group>"; };
		D7BE897B2B4F04810078CD08 /* AppDelegate.swift */ = {isa = PBXFileReference; lastKnownFileType = sourcecode.swift; path = AppDelegate.swift; sourceTree = "<group>"; };
		D7BE89822B4F0DAF0078CD08 /* Info.plist */ = {isa = PBXFileReference; lastKnownFileType = text.plist; path = Info.plist; sourceTree = "<group>"; };
/* End PBXFileReference section */

/* Begin PBXFrameworksBuildPhase section */
		78F5813B2B4ED7DB003E2F42 /* Frameworks */ = {
			isa = PBXFrameworksBuildPhase;
			buildActionMask = 2147483647;
			files = (
				D7BE89732B4EFF680078CD08 /* FirebaseAnalyticsSwift in Frameworks */,
				D7BE896F2B4EFF680078CD08 /* FirebaseAnalytics in Frameworks */,
				D7BE89712B4EFF680078CD08 /* FirebaseAnalyticsOnDeviceConversion in Frameworks */,
				D7BE89772B4EFF680078CD08 /* FirebaseAppCheck in Frameworks */,
				D7BE89752B4EFF680078CD08 /* FirebaseAnalyticsWithoutAdIdSupport in Frameworks */,
				D7BE89812B4F06660078CD08 /* FirebaseAuth in Frameworks */,
				D7BE897F2B4F063F0078CD08 /* FirebaseFirestore in Frameworks */,
			);
			runOnlyForDeploymentPostprocessing = 0;
		};
/* End PBXFrameworksBuildPhase section */

/* Begin PBXGroup section */
		78F581352B4ED7DB003E2F42 = {
			isa = PBXGroup;
			children = (
				78F581402B4ED7DB003E2F42 /* KUTeach */,
				78F5813F2B4ED7DB003E2F42 /* Products */,
				D7BE897D2B4F063F0078CD08 /* Frameworks */,
			);
			sourceTree = "<group>";
		};
		78F5813F2B4ED7DB003E2F42 /* Products */ = {
			isa = PBXGroup;
			children = (
				78F5813E2B4ED7DB003E2F42 /* KUTeach.app */,
			);
			name = Products;
			sourceTree = "<group>";
		};
		78F581402B4ED7DB003E2F42 /* KUTeach */ = {
			isa = PBXGroup;
			children = (
				D7BE89822B4F0DAF0078CD08 /* Info.plist */,
				D7BE897A2B4F046C0078CD08 /* Delegates */,
				D7BE89782B4F04460078CD08 /* GoogleService-Info.plist */,
				78F581412B4ED7DB003E2F42 /* KUTeachApp.swift */,
				78F581452B4ED7DC003E2F42 /* Assets.xcassets */,
				78F581552B4EE20D003E2F42 /* Views */,
				78F581542B4EE1F0003E2F42 /* Model */,
				78F5814F2B4EDDC2003E2F42 /* Design System */,
				78F581472B4ED7DC003E2F42 /* Preview Content */,
			);
			path = KUTeach;
			sourceTree = "<group>";
		};
		78F581472B4ED7DC003E2F42 /* Preview Content */ = {
			isa = PBXGroup;
			children = (
				78F581482B4ED7DC003E2F42 /* Preview Assets.xcassets */,
			);
			path = "Preview Content";
			sourceTree = "<group>";
		};
		78F5814F2B4EDDC2003E2F42 /* Design System */ = {
			isa = PBXGroup;
			children = (
				78F581562B4EE52A003E2F42 /* Spacing.swift */,
				78F581582B4EE665003E2F42 /* Radius.swift */,
				78F5815A2B4EE6F2003E2F42 /* ButtonDS.swift */,
				78F5815C2B4EEC3A003E2F42 /* TextDS.swift */,
				78F5815E2B4EF129003E2F42 /* BackgroundDS.swift */,
				78F581602B4EF95E003E2F42 /* TextFieldDS.swift */,
			);
			path = "Design System";
			sourceTree = "<group>";
		};
		78F581502B4EDDF0003E2F42 /* Login Page */ = {
			isa = PBXGroup;
			children = (
				78F581432B4ED7DB003E2F42 /* LoginView.swift */,
				78F581622B4EFBE2003E2F42 /* LoginViewModel.swift */,
			);
			path = "Login Page";
			sourceTree = "<group>";
		};
		78F581512B4EDE09003E2F42 /* Profile Page */ = {
			isa = PBXGroup;
			children = (
			);
			path = "Profile Page";
			sourceTree = "<group>";
		};
		78F581522B4EDE20003E2F42 /* Dashboard */ = {
			isa = PBXGroup;
			children = (
			);
			path = Dashboard;
			sourceTree = "<group>";
		};
		78F581532B4EDE71003E2F42 /* Upload Lecture Page */ = {
			isa = PBXGroup;
			children = (
			);
			path = "Upload Lecture Page";
			sourceTree = "<group>";
		};
		78F581542B4EE1F0003E2F42 /* Model */ = {
			isa = PBXGroup;
			children = (
			);
			path = Model;
			sourceTree = "<group>";
		};
		78F581552B4EE20D003E2F42 /* Views */ = {
			isa = PBXGroup;
			children = (
				78F581502B4EDDF0003E2F42 /* Login Page */,
				78F581512B4EDE09003E2F42 /* Profile Page */,
				78F581522B4EDE20003E2F42 /* Dashboard */,
				78F581532B4EDE71003E2F42 /* Upload Lecture Page */,
			);
			path = Views;
			sourceTree = "<group>";
		};
		D7BE897A2B4F046C0078CD08 /* Delegates */ = {
			isa = PBXGroup;
			children = (
				D7BE897B2B4F04810078CD08 /* AppDelegate.swift */,
			);
			path = Delegates;
			sourceTree = "<group>";
		};
		D7BE897D2B4F063F0078CD08 /* Frameworks */ = {
			isa = PBXGroup;
			children = (
			);
			name = Frameworks;
			sourceTree = "<group>";
		};
/* End PBXGroup section */

/* Begin PBXNativeTarget section */
		78F5813D2B4ED7DB003E2F42 /* KUTeach */ = {
			isa = PBXNativeTarget;
			buildConfigurationList = 78F5814C2B4ED7DC003E2F42 /* Build configuration list for PBXNativeTarget "KUTeach" */;
			buildPhases = (
				78F5813A2B4ED7DB003E2F42 /* Sources */,
				78F5813B2B4ED7DB003E2F42 /* Frameworks */,
				78F5813C2B4ED7DB003E2F42 /* Resources */,
			);
			buildRules = (
			);
			dependencies = (
			);
			name = KUTeach;
			packageProductDependencies = (
				D7BE896E2B4EFF680078CD08 /* FirebaseAnalytics */,
				D7BE89702B4EFF680078CD08 /* FirebaseAnalyticsOnDeviceConversion */,
				D7BE89722B4EFF680078CD08 /* FirebaseAnalyticsSwift */,
				D7BE89742B4EFF680078CD08 /* FirebaseAnalyticsWithoutAdIdSupport */,
				D7BE89762B4EFF680078CD08 /* FirebaseAppCheck */,
				D7BE897E2B4F063F0078CD08 /* FirebaseFirestore */,
				D7BE89802B4F06660078CD08 /* FirebaseAuth */,
			);
			productName = KUTeach;
			productReference = 78F5813E2B4ED7DB003E2F42 /* KUTeach.app */;
			productType = "com.apple.product-type.application";
		};
/* End PBXNativeTarget section */

/* Begin PBXProject section */
		78F581362B4ED7DB003E2F42 /* Project object */ = {
			isa = PBXProject;
			attributes = {
				BuildIndependentTargetsInParallel = 1;
				LastSwiftUpdateCheck = 1510;
				LastUpgradeCheck = 1510;
				TargetAttributes = {
					78F5813D2B4ED7DB003E2F42 = {
						CreatedOnToolsVersion = 15.1;
					};
				};
			};
			buildConfigurationList = 78F581392B4ED7DB003E2F42 /* Build configuration list for PBXProject "KUTeach" */;
			compatibilityVersion = "Xcode 14.0";
			developmentRegion = en;
			hasScannedForEncodings = 0;
			knownRegions = (
				en,
				Base,
			);
			mainGroup = 78F581352B4ED7DB003E2F42;
			packageReferences = (
				D7BE896D2B4EFF680078CD08 /* XCRemoteSwiftPackageReference "firebase-ios-sdk" */,
			);
			productRefGroup = 78F5813F2B4ED7DB003E2F42 /* Products */;
			projectDirPath = "";
			projectRoot = "";
			targets = (
				78F5813D2B4ED7DB003E2F42 /* KUTeach */,
			);
		};
/* End PBXProject section */

/* Begin PBXResourcesBuildPhase section */
		78F5813C2B4ED7DB003E2F42 /* Resources */ = {
			isa = PBXResourcesBuildPhase;
			buildActionMask = 2147483647;
			files = (
				78F581492B4ED7DC003E2F42 /* Preview Assets.xcassets in Resources */,
				78F581462B4ED7DC003E2F42 /* Assets.xcassets in Resources */,
				D7BE89792B4F04460078CD08 /* GoogleService-Info.plist in Resources */,
			);
			runOnlyForDeploymentPostprocessing = 0;
		};
/* End PBXResourcesBuildPhase section */

/* Begin PBXSourcesBuildPhase section */
		78F5813A2B4ED7DB003E2F42 /* Sources */ = {
			isa = PBXSourcesBuildPhase;
			buildActionMask = 2147483647;
			files = (
				78F5815F2B4EF129003E2F42 /* BackgroundDS.swift in Sources */,
				78F581442B4ED7DB003E2F42 /* LoginView.swift in Sources */,
				78F5815D2B4EEC3A003E2F42 /* TextDS.swift in Sources */,
				78F581422B4ED7DB003E2F42 /* KUTeachApp.swift in Sources */,
				78F581612B4EF95E003E2F42 /* TextFieldDS.swift in Sources */,
				78F5815B2B4EE6F2003E2F42 /* ButtonDS.swift in Sources */,
				78F581572B4EE52A003E2F42 /* Spacing.swift in Sources */,
				78F581592B4EE665003E2F42 /* Radius.swift in Sources */,
				D7BE897C2B4F04810078CD08 /* AppDelegate.swift in Sources */,
				78F581632B4EFBE2003E2F42 /* LoginViewModel.swift in Sources */,
			);
			runOnlyForDeploymentPostprocessing = 0;
		};
/* End PBXSourcesBuildPhase section */

/* Begin XCBuildConfiguration section */
		78F5814A2B4ED7DC003E2F42 /* Debug */ = {
			isa = XCBuildConfiguration;
			buildSettings = {
				ALWAYS_SEARCH_USER_PATHS = NO;
				ASSETCATALOG_COMPILER_GENERATE_SWIFT_ASSET_SYMBOL_EXTENSIONS = YES;
				CLANG_ANALYZER_NONNULL = YES;
				CLANG_ANALYZER_NUMBER_OBJECT_CONVERSION = YES_AGGRESSIVE;
				CLANG_CXX_LANGUAGE_STANDARD = "gnu++20";
				CLANG_ENABLE_MODULES = YES;
				CLANG_ENABLE_OBJC_ARC = YES;
				CLANG_ENABLE_OBJC_WEAK = YES;
				CLANG_WARN_BLOCK_CAPTURE_AUTORELEASING = YES;
				CLANG_WARN_BOOL_CONVERSION = YES;
				CLANG_WARN_COMMA = YES;
				CLANG_WARN_CONSTANT_CONVERSION = YES;
				CLANG_WARN_DEPRECATED_OBJC_IMPLEMENTATIONS = YES;
				CLANG_WARN_DIRECT_OBJC_ISA_USAGE = YES_ERROR;
				CLANG_WARN_DOCUMENTATION_COMMENTS = YES;
				CLANG_WARN_EMPTY_BODY = YES;
				CLANG_WARN_ENUM_CONVERSION = YES;
				CLANG_WARN_INFINITE_RECURSION = YES;
				CLANG_WARN_INT_CONVERSION = YES;
				CLANG_WARN_NON_LITERAL_NULL_CONVERSION = YES;
				CLANG_WARN_OBJC_IMPLICIT_RETAIN_SELF = YES;
				CLANG_WARN_OBJC_LITERAL_CONVERSION = YES;
				CLANG_WARN_OBJC_ROOT_CLASS = YES_ERROR;
				CLANG_WARN_QUOTED_INCLUDE_IN_FRAMEWORK_HEADER = YES;
				CLANG_WARN_RANGE_LOOP_ANALYSIS = YES;
				CLANG_WARN_STRICT_PROTOTYPES = YES;
				CLANG_WARN_SUSPICIOUS_MOVE = YES;
				CLANG_WARN_UNGUARDED_AVAILABILITY = YES_AGGRESSIVE;
				CLANG_WARN_UNREACHABLE_CODE = YES;
				CLANG_WARN__DUPLICATE_METHOD_MATCH = YES;
				COPY_PHASE_STRIP = NO;
				DEBUG_INFORMATION_FORMAT = dwarf;
				ENABLE_STRICT_OBJC_MSGSEND = YES;
				ENABLE_TESTABILITY = YES;
				ENABLE_USER_SCRIPT_SANDBOXING = YES;
				GCC_C_LANGUAGE_STANDARD = gnu17;
				GCC_DYNAMIC_NO_PIC = NO;
				GCC_NO_COMMON_BLOCKS = YES;
				GCC_OPTIMIZATION_LEVEL = 0;
				GCC_PREPROCESSOR_DEFINITIONS = (
					"DEBUG=1",
					"$(inherited)",
				);
				GCC_WARN_64_TO_32_BIT_CONVERSION = YES;
				GCC_WARN_ABOUT_RETURN_TYPE = YES_ERROR;
				GCC_WARN_UNDECLARED_SELECTOR = YES;
				GCC_WARN_UNINITIALIZED_AUTOS = YES_AGGRESSIVE;
				GCC_WARN_UNUSED_FUNCTION = YES;
				GCC_WARN_UNUSED_VARIABLE = YES;
				IPHONEOS_DEPLOYMENT_TARGET = 17.2;
				LOCALIZATION_PREFERS_STRING_CATALOGS = YES;
				MTL_ENABLE_DEBUG_INFO = INCLUDE_SOURCE;
				MTL_FAST_MATH = YES;
				ONLY_ACTIVE_ARCH = YES;
				SDKROOT = iphoneos;
				SWIFT_ACTIVE_COMPILATION_CONDITIONS = "DEBUG $(inherited)";
				SWIFT_OPTIMIZATION_LEVEL = "-Onone";
			};
			name = Debug;
		};
		78F5814B2B4ED7DC003E2F42 /* Release */ = {
			isa = XCBuildConfiguration;
			buildSettings = {
				ALWAYS_SEARCH_USER_PATHS = NO;
				ASSETCATALOG_COMPILER_GENERATE_SWIFT_ASSET_SYMBOL_EXTENSIONS = YES;
				CLANG_ANALYZER_NONNULL = YES;
				CLANG_ANALYZER_NUMBER_OBJECT_CONVERSION = YES_AGGRESSIVE;
				CLANG_CXX_LANGUAGE_STANDARD = "gnu++20";
				CLANG_ENABLE_MODULES = YES;
				CLANG_ENABLE_OBJC_ARC = YES;
				CLANG_ENABLE_OBJC_WEAK = YES;
				CLANG_WARN_BLOCK_CAPTURE_AUTORELEASING = YES;
				CLANG_WARN_BOOL_CONVERSION = YES;
				CLANG_WARN_COMMA = YES;
				CLANG_WARN_CONSTANT_CONVERSION = YES;
				CLANG_WARN_DEPRECATED_OBJC_IMPLEMENTATIONS = YES;
				CLANG_WARN_DIRECT_OBJC_ISA_USAGE = YES_ERROR;
				CLANG_WARN_DOCUMENTATION_COMMENTS = YES;
				CLANG_WARN_EMPTY_BODY = YES;
				CLANG_WARN_ENUM_CONVERSION = YES;
				CLANG_WARN_INFINITE_RECURSION = YES;
				CLANG_WARN_INT_CONVERSION = YES;
				CLANG_WARN_NON_LITERAL_NULL_CONVERSION = YES;
				CLANG_WARN_OBJC_IMPLICIT_RETAIN_SELF = YES;
				CLANG_WARN_OBJC_LITERAL_CONVERSION = YES;
				CLANG_WARN_OBJC_ROOT_CLASS = YES_ERROR;
				CLANG_WARN_QUOTED_INCLUDE_IN_FRAMEWORK_HEADER = YES;
				CLANG_WARN_RANGE_LOOP_ANALYSIS = YES;
				CLANG_WARN_STRICT_PROTOTYPES = YES;
				CLANG_WARN_SUSPICIOUS_MOVE = YES;
				CLANG_WARN_UNGUARDED_AVAILABILITY = YES_AGGRESSIVE;
				CLANG_WARN_UNREACHABLE_CODE = YES;
				CLANG_WARN__DUPLICATE_METHOD_MATCH = YES;
				COPY_PHASE_STRIP = NO;
				DEBUG_INFORMATION_FORMAT = "dwarf-with-dsym";
				ENABLE_NS_ASSERTIONS = NO;
				ENABLE_STRICT_OBJC_MSGSEND = YES;
				ENABLE_USER_SCRIPT_SANDBOXING = YES;
				GCC_C_LANGUAGE_STANDARD = gnu17;
				GCC_NO_COMMON_BLOCKS = YES;
				GCC_WARN_64_TO_32_BIT_CONVERSION = YES;
				GCC_WARN_ABOUT_RETURN_TYPE = YES_ERROR;
				GCC_WARN_UNDECLARED_SELECTOR = YES;
				GCC_WARN_UNINITIALIZED_AUTOS = YES_AGGRESSIVE;
				GCC_WARN_UNUSED_FUNCTION = YES;
				GCC_WARN_UNUSED_VARIABLE = YES;
				IPHONEOS_DEPLOYMENT_TARGET = 17.2;
				LOCALIZATION_PREFERS_STRING_CATALOGS = YES;
				MTL_ENABLE_DEBUG_INFO = NO;
				MTL_FAST_MATH = YES;
				SDKROOT = iphoneos;
				SWIFT_COMPILATION_MODE = wholemodule;
				VALIDATE_PRODUCT = YES;
			};
			name = Release;
		};
		78F5814D2B4ED7DC003E2F42 /* Debug */ = {
			isa = XCBuildConfiguration;
			buildSettings = {
				ASSETCATALOG_COMPILER_APPICON_NAME = AppIcon;
				ASSETCATALOG_COMPILER_GLOBAL_ACCENT_COLOR_NAME = AccentColor;
				CODE_SIGN_STYLE = Automatic;
				CURRENT_PROJECT_VERSION = 1;
				DEVELOPMENT_ASSET_PATHS = "\"KUTeach/Preview Content\"";
				DEVELOPMENT_TEAM = 3YL59MWSRT;
				ENABLE_PREVIEWS = YES;
				GENERATE_INFOPLIST_FILE = YES;
				INFOPLIST_FILE = KUTeach/Info.plist;
				INFOPLIST_KEY_UIApplicationSceneManifest_Generation = YES;
				INFOPLIST_KEY_UIApplicationSupportsIndirectInputEvents = YES;
				INFOPLIST_KEY_UILaunchScreen_Generation = YES;
				INFOPLIST_KEY_UISupportedInterfaceOrientations_iPad = "UIInterfaceOrientationPortrait UIInterfaceOrientationPortraitUpsideDown UIInterfaceOrientationLandscapeLeft UIInterfaceOrientationLandscapeRight";
				INFOPLIST_KEY_UISupportedInterfaceOrientations_iPhone = "UIInterfaceOrientationPortrait UIInterfaceOrientationLandscapeLeft UIInterfaceOrientationLandscapeRight";
				IPHONEOS_DEPLOYMENT_TARGET = 17.0;
				LD_RUNPATH_SEARCH_PATHS = (
					"$(inherited)",
					"@executable_path/Frameworks",
				);
				MARKETING_VERSION = 1.0;
				PRODUCT_BUNDLE_IDENTIFIER = Aydin.kueducationsolutions.KUTeach;
				PRODUCT_NAME = "$(TARGET_NAME)";
				SWIFT_EMIT_LOC_STRINGS = YES;
				SWIFT_VERSION = 5.0;
				TARGETED_DEVICE_FAMILY = "1,2";
			};
			name = Debug;
		};
		78F5814E2B4ED7DC003E2F42 /* Release */ = {
			isa = XCBuildConfiguration;
			buildSettings = {
				ASSETCATALOG_COMPILER_APPICON_NAME = AppIcon;
				ASSETCATALOG_COMPILER_GLOBAL_ACCENT_COLOR_NAME = AccentColor;
				CODE_SIGN_STYLE = Automatic;
				CURRENT_PROJECT_VERSION = 1;
				DEVELOPMENT_ASSET_PATHS = "\"KUTeach/Preview Content\"";
				DEVELOPMENT_TEAM = 3YL59MWSRT;
				ENABLE_PREVIEWS = YES;
				GENERATE_INFOPLIST_FILE = YES;
				INFOPLIST_FILE = KUTeach/Info.plist;
				INFOPLIST_KEY_UIApplicationSceneManifest_Generation = YES;
				INFOPLIST_KEY_UIApplicationSupportsIndirectInputEvents = YES;
				INFOPLIST_KEY_UILaunchScreen_Generation = YES;
				INFOPLIST_KEY_UISupportedInterfaceOrientations_iPad = "UIInterfaceOrientationPortrait UIInterfaceOrientationPortraitUpsideDown UIInterfaceOrientationLandscapeLeft UIInterfaceOrientationLandscapeRight";
				INFOPLIST_KEY_UISupportedInterfaceOrientations_iPhone = "UIInterfaceOrientationPortrait UIInterfaceOrientationLandscapeLeft UIInterfaceOrientationLandscapeRight";
				IPHONEOS_DEPLOYMENT_TARGET = 17.0;
				LD_RUNPATH_SEARCH_PATHS = (
					"$(inherited)",
					"@executable_path/Frameworks",
				);
				MARKETING_VERSION = 1.0;
				PRODUCT_BUNDLE_IDENTIFIER = Aydin.kueducationsolutions.KUTeach;
				PRODUCT_NAME = "$(TARGET_NAME)";
				SWIFT_EMIT_LOC_STRINGS = YES;
				SWIFT_VERSION = 5.0;
				TARGETED_DEVICE_FAMILY = "1,2";
			};
			name = Release;
		};
/* End XCBuildConfiguration section */

/* Begin XCConfigurationList section */
		78F581392B4ED7DB003E2F42 /* Build configuration list for PBXProject "KUTeach" */ = {
			isa = XCConfigurationList;
			buildConfigurations = (
				78F5814A2B4ED7DC003E2F42 /* Debug */,
				78F5814B2B4ED7DC003E2F42 /* Release */,
			);
			defaultConfigurationIsVisible = 0;
			defaultConfigurationName = Release;
		};
		78F5814C2B4ED7DC003E2F42 /* Build configuration list for PBXNativeTarget "KUTeach" */ = {
			isa = XCConfigurationList;
			buildConfigurations = (
				78F5814D2B4ED7DC003E2F42 /* Debug */,
				78F5814E2B4ED7DC003E2F42 /* Release */,
			);
			defaultConfigurationIsVisible = 0;
			defaultConfigurationName = Release;
		};
/* End XCConfigurationList section */

/* Begin XCRemoteSwiftPackageReference section */
		D7BE896D2B4EFF680078CD08 /* XCRemoteSwiftPackageReference "firebase-ios-sdk" */ = {
			isa = XCRemoteSwiftPackageReference;
			repositoryURL = "https://github.com/firebase/firebase-ios-sdk";
			requirement = {
				kind = upToNextMajorVersion;
				minimumVersion = 10.19.1;
			};
		};
/* End XCRemoteSwiftPackageReference section */

/* Begin XCSwiftPackageProductDependency section */
		D7BE896E2B4EFF680078CD08 /* FirebaseAnalytics */ = {
			isa = XCSwiftPackageProductDependency;
			package = D7BE896D2B4EFF680078CD08 /* XCRemoteSwiftPackageReference "firebase-ios-sdk" */;
			productName = FirebaseAnalytics;
		};
		D7BE89702B4EFF680078CD08 /* FirebaseAnalyticsOnDeviceConversion */ = {
			isa = XCSwiftPackageProductDependency;
			package = D7BE896D2B4EFF680078CD08 /* XCRemoteSwiftPackageReference "firebase-ios-sdk" */;
			productName = FirebaseAnalyticsOnDeviceConversion;
		};
		D7BE89722B4EFF680078CD08 /* FirebaseAnalyticsSwift */ = {
			isa = XCSwiftPackageProductDependency;
			package = D7BE896D2B4EFF680078CD08 /* XCRemoteSwiftPackageReference "firebase-ios-sdk" */;
			productName = FirebaseAnalyticsSwift;
		};
		D7BE89742B4EFF680078CD08 /* FirebaseAnalyticsWithoutAdIdSupport */ = {
			isa = XCSwiftPackageProductDependency;
			package = D7BE896D2B4EFF680078CD08 /* XCRemoteSwiftPackageReference "firebase-ios-sdk" */;
			productName = FirebaseAnalyticsWithoutAdIdSupport;
		};
		D7BE89762B4EFF680078CD08 /* FirebaseAppCheck */ = {
			isa = XCSwiftPackageProductDependency;
			package = D7BE896D2B4EFF680078CD08 /* XCRemoteSwiftPackageReference "firebase-ios-sdk" */;
			productName = FirebaseAppCheck;
		};
		D7BE897E2B4F063F0078CD08 /* FirebaseFirestore */ = {
			isa = XCSwiftPackageProductDependency;
			package = D7BE896D2B4EFF680078CD08 /* XCRemoteSwiftPackageReference "firebase-ios-sdk" */;
			productName = FirebaseFirestore;
		};
		D7BE89802B4F06660078CD08 /* FirebaseAuth */ = {
			isa = XCSwiftPackageProductDependency;
			package = D7BE896D2B4EFF680078CD08 /* XCRemoteSwiftPackageReference "firebase-ios-sdk" */;
			productName = FirebaseAuth;
		};
/* End XCSwiftPackageProductDependency section */
	};
	rootObject = 78F581362B4ED7DB003E2F42 /* Project object */;
}
